
Microsoft Visual Studio Solution File, Format Version 12.00
# Visual Studio Version 16
VisualStudioVersion = 16.0.29911.84
MinimumVisualStudioVersion = 10.0.40219.1
Project("{FAE04EC0-301F-11D3-BF4B-00C04F79EFBC}") = "Bangazon-Workforce", "Bangazon-Workforce\Bangazon-Workforce.csproj", "{8B1CA4C7-8207-4729-9C80-F7ADCD2DB58B}"
EndProject
Global
	GlobalSection(SolutionConfigurationPlatforms) = preSolution
		Debug|Any CPU = Debug|Any CPU
		Release|Any CPU = Release|Any CPU
	EndGlobalSection
	GlobalSection(ProjectConfigurationPlatforms) = postSolution
		{8B1CA4C7-8207-4729-9C80-F7ADCD2DB58B}.Debug|Any CPU.ActiveCfg = Debug|Any CPU
		{8B1CA4C7-8207-4729-9C80-F7ADCD2DB58B}.Debug|Any CPU.Build.0 = Debug|Any CPU
		{8B1CA4C7-8207-4729-9C80-F7ADCD2DB58B}.Release|Any CPU.ActiveCfg = Release|Any CPU
		{8B1CA4C7-8207-4729-9C80-F7ADCD2DB58B}.Release|Any CPU.Build.0 = Release|Any CPU
	EndGlobalSection
	GlobalSection(SolutionProperties) = preSolution
		HideSolutionNode = FALSE
	EndGlobalSection
	GlobalSection(ExtensibilityGlobals) = postSolution
		SolutionGuid = {B109661E-61E1-446E-BFAB-7D344271FF68}
	EndGlobalSection
EndGlobal
